
Microsoft Visual Studio Solution File, Format Version 12.00
# Visual Studio 2013
VisualStudioVersion = 12.0.40629.0
MinimumVisualStudioVersion = 10.0.40219.1
Project("{8BC9CEB8-8B4A-11D0-8D11-00A0C91BC942}") = "libcrypto", "libcrypto.vcxproj", "{558D1ADE-D5D5-4123-AD31-32F0DBD7B6AB}"
EndProject
Project("{8BC9CEB8-8B4A-11D0-8D11-00A0C91BC942}") = "libssl", "libssl.vcxproj", "{4022EC32-21E2-4116-BB9F-6AFF604C23FF}"
	ProjectSection(ProjectDependencies) = postProject
		{558D1ADE-D5D5-4123-AD31-32F0DBD7B6AB} = {558D1ADE-D5D5-4123-AD31-32F0DBD7B6AB}
	EndProjectSection
EndProject
Global
	GlobalSection(SolutionConfigurationPlatforms) = preSolution
		Debug|Win32 = Debug|Win32
		Debug|x64 = Debug|x64
		DebugDLL|Win32 = DebugDLL|Win32
		DebugDLL|x64 = DebugDLL|x64
		DebugDLLStaticDeps|Win32 = DebugDLLStaticDeps|Win32
		DebugDLLStaticDeps|x64 = DebugDLLStaticDeps|x64
		Release|Win32 = Release|Win32
		Release|x64 = Release|x64
		ReleaseDLL|Win32 = ReleaseDLL|Win32
		ReleaseDLL|x64 = ReleaseDLL|x64
		ReleaseDLLStaticDeps|Win32 = ReleaseDLLStaticDeps|Win32
		ReleaseDLLStaticDeps|x64 = ReleaseDLLStaticDeps|x64
		ReleaseLTO|Win32 = ReleaseLTO|Win32
		ReleaseLTO|x64 = ReleaseLTO|x64
	EndGlobalSection
	GlobalSection(ProjectConfigurationPlatforms) = postSolution
		{558D1ADE-D5D5-4123-AD31-32F0DBD7B6AB}.Debug|Win32.ActiveCfg = Debug|Win32
		{558D1ADE-D5D5-4123-AD31-32F0DBD7B6AB}.Debug|Win32.Build.0 = Debug|Win32
		{558D1ADE-D5D5-4123-AD31-32F0DBD7B6AB}.Debug|x64.ActiveCfg = Debug|x64
		{558D1ADE-D5D5-4123-AD31-32F0DBD7B6AB}.Debug|x64.Build.0 = Debug|x64
		{558D1ADE-D5D5-4123-AD31-32F0DBD7B6AB}.DebugDLL|Win32.ActiveCfg = DebugDLL|Win32
		{558D1ADE-D5D5-4123-AD31-32F0DBD7B6AB}.DebugDLL|Win32.Build.0 = DebugDLL|Win32
		{558D1ADE-D5D5-4123-AD31-32F0DBD7B6AB}.DebugDLL|x64.ActiveCfg = DebugDLL|x64
		{558D1ADE-D5D5-4123-AD31-32F0DBD7B6AB}.DebugDLL|x64.Build.0 = DebugDLL|x64
		{558D1ADE-D5D5-4123-AD31-32F0DBD7B6AB}.DebugDLLStaticDeps|Win32.ActiveCfg = DebugDLL|Win32
		{558D1ADE-D5D5-4123-AD31-32F0DBD7B6AB}.DebugDLLStaticDeps|Win32.Build.0 = DebugDLL|Win32
		{558D1ADE-D5D5-4123-AD31-32F0DBD7B6AB}.DebugDLLStaticDeps|x64.ActiveCfg = DebugDLL|x64
		{558D1ADE-D5D5-4123-AD31-32F0DBD7B6AB}.DebugDLLStaticDeps|x64.Build.0 = DebugDLL|x64
		{558D1ADE-D5D5-4123-AD31-32F0DBD7B6AB}.Release|Win32.ActiveCfg = Release|Win32
		{558D1ADE-D5D5-4123-AD31-32F0DBD7B6AB}.Release|Win32.Build.0 = Release|Win32
		{558D1ADE-D5D5-4123-AD31-32F0DBD7B6AB}.Release|x64.ActiveCfg = Release|x64
		{558D1ADE-D5D5-4123-AD31-32F0DBD7B6AB}.Release|x64.Build.0 = Release|x64
		{558D1ADE-D5D5-4123-AD31-32F0DBD7B6AB}.ReleaseDLL|Win32.ActiveCfg = ReleaseDLL|Win32
		{558D1ADE-D5D5-4123-AD31-32F0DBD7B6AB}.ReleaseDLL|Win32.Build.0 = ReleaseDLL|Win32
		{558D1ADE-D5D5-4123-AD31-32F0DBD7B6AB}.ReleaseDLL|x64.ActiveCfg = ReleaseDLL|x64
		{558D1ADE-D5D5-4123-AD31-32F0DBD7B6AB}.ReleaseDLL|x64.Build.0 = ReleaseDLL|x64
		{558D1ADE-D5D5-4123-AD31-32F0DBD7B6AB}.ReleaseDLLStaticDeps|Win32.ActiveCfg = ReleaseDLL|Win32
		{558D1ADE-D5D5-4123-AD31-32F0DBD7B6AB}.ReleaseDLLStaticDeps|Win32.Build.0 = ReleaseDLL|Win32
		{558D1ADE-D5D5-4123-AD31-32F0DBD7B6AB}.ReleaseDLLStaticDeps|x64.ActiveCfg = ReleaseDLL|x64
		{558D1ADE-D5D5-4123-AD31-32F0DBD7B6AB}.ReleaseDLLStaticDeps|x64.Build.0 = ReleaseDLL|x64
		{558D1ADE-D5D5-4123-AD31-32F0DBD7B6AB}.ReleaseLTO|Win32.ActiveCfg = ReleaseLTO|Win32
		{558D1ADE-D5D5-4123-AD31-32F0DBD7B6AB}.ReleaseLTO|Win32.Build.0 = ReleaseLTO|Win32
		{558D1ADE-D5D5-4123-AD31-32F0DBD7B6AB}.ReleaseLTO|x64.ActiveCfg = ReleaseLTO|x64
		{558D1ADE-D5D5-4123-AD31-32F0DBD7B6AB}.ReleaseLTO|x64.Build.0 = ReleaseLTO|x64
		{4022EC32-21E2-4116-BB9F-6AFF604C23FF}.Debug|Win32.ActiveCfg = Debug|Win32
		{4022EC32-21E2-4116-BB9F-6AFF604C23FF}.Debug|Win32.Build.0 = Debug|Win32
		{4022EC32-21E2-4116-BB9F-6AFF604C23FF}.Debug|x64.ActiveCfg = Debug|x64
		{4022EC32-21E2-4116-BB9F-6AFF604C23FF}.Debug|x64.Build.0 = Debug|x64
		{4022EC32-21E2-4116-BB9F-6AFF604C23FF}.DebugDLL|Win32.ActiveCfg = DebugDLL|Win32
		{4022EC32-21E2-4116-BB9F-6AFF604C23FF}.DebugDLL|Win32.Build.0 = DebugDLL|Win32
		{4022EC32-21E2-4116-BB9F-6AFF604C23FF}.DebugDLL|x64.ActiveCfg = DebugDLL|x64
		{4022EC32-21E2-4116-BB9F-6AFF604C23FF}.DebugDLL|x64.Build.0 = DebugDLL|x64
		{4022EC32-21E2-4116-BB9F-6AFF604C23FF}.DebugDLLStaticDeps|Win32.ActiveCfg = DebugDLLStaticDeps|Win32
		{4022EC32-21E2-4116-BB9F-6AFF604C23FF}.DebugDLLStaticDeps|Win32.Build.0 = DebugDLLStaticDeps|Win32
		{4022EC32-21E2-4116-BB9F-6AFF604C23FF}.DebugDLLStaticDeps|x64.ActiveCfg = DebugDLLStaticDeps|x64
		{4022EC32-21E2-4116-BB9F-6AFF604C23FF}.DebugDLLStaticDeps|x64.Build.0 = DebugDLLStaticDeps|x64
		{4022EC32-21E2-4116-BB9F-6AFF604C23FF}.Release|Win32.ActiveCfg = Release|Win32
		{4022EC32-21E2-4116-BB9F-6AFF604C23FF}.Release|Win32.Build.0 = Release|Win32
		{4022EC32-21E2-4116-BB9F-6AFF604C23FF}.Release|x64.ActiveCfg = Release|x64
		{4022EC32-21E2-4116-BB9F-6AFF604C23FF}.Release|x64.Build.0 = Release|x64
		{4022EC32-21E2-4116-BB9F-6AFF604C23FF}.ReleaseDLL|Win32.ActiveCfg = ReleaseDLL|Win32
		{4022EC32-21E2-4116-BB9F-6AFF604C23FF}.ReleaseDLL|Win32.Build.0 = ReleaseDLL|Win32
		{4022EC32-21E2-4116-BB9F-6AFF604C23FF}.ReleaseDLL|x64.ActiveCfg = ReleaseDLL|x64
		{4022EC32-21E2-4116-BB9F-6AFF604C23FF}.ReleaseDLL|x64.Build.0 = ReleaseDLL|x64
		{4022EC32-21E2-4116-BB9F-6AFF604C23FF}.ReleaseDLLStaticDeps|Win32.ActiveCfg = ReleaseDLLStaticDeps|Win32
		{4022EC32-21E2-4116-BB9F-6AFF604C23FF}.ReleaseDLLStaticDeps|Win32.Build.0 = ReleaseDLLStaticDeps|Win32
		{4022EC32-21E2-4116-BB9F-6AFF604C23FF}.ReleaseDLLStaticDeps|x64.ActiveCfg = ReleaseDLLStaticDeps|x64
		{4022EC32-21E2-4116-BB9F-6AFF604C23FF}.ReleaseDLLStaticDeps|x64.Build.0 = ReleaseDLLStaticDeps|x64
		{4022EC32-21E2-4116-BB9F-6AFF604C23FF}.ReleaseLTO|Win32.ActiveCfg = ReleaseLTO|Win32
		{4022EC32-21E2-4116-BB9F-6AFF604C23FF}.ReleaseLTO|Win32.Build.0 = ReleaseLTO|Win32
		{4022EC32-21E2-4116-BB9F-6AFF604C23FF}.ReleaseLTO|x64.ActiveCfg = ReleaseLTO|x64
		{4022EC32-21E2-4116-BB9F-6AFF604C23FF}.ReleaseLTO|x64.Build.0 = ReleaseLTO|x64
	EndGlobalSection
	GlobalSection(SolutionProperties) = preSolution
		HideSolutionNode = FALSE
	EndGlobalSection
EndGlobal
